{
  "name": "vanilla-element-demo",
  "version": "1.0.0",
  "lockfileVersion": 2,
  "requires": true,
  "packages": {
    "": {
      "version": "1.0.0",
      "license": "ISC",
      "dependencies": {
        "pokemon-api": "file:../pokemon-api"
      }
    },
    "../pokemon-api": {
      "version": "1.0.0",
      "license": "ISC"
    },
    "node_modules/pokemon-api": {
      "resolved": "../pokemon-api",
      "link": true
    }
  },
  "dependencies": {
    "pokemon-api": {
      "version": "file:../pokemon-api"
    }
  }
}
